
Microsoft Visual Studio Solution File, Format Version 12.00
# Visual Studio 2012
Project("{8BC9CEB8-8B4A-11D0-8D11-00A0C91BC942}") = "TestProjectNet14-2", "TestProjectNet14-2.vcxproj", "{F420292D-913B-4FFD-9B88-0E6D2568A38C}"
EndProject
Global
	GlobalSection(SolutionConfigurationPlatforms) = preSolution
		Debug|Win32 = Debug|Win32
		Release|Win32 = Release|Win32
	EndGlobalSection
	GlobalSection(ProjectConfigurationPlatforms) = postSolution
		{F420292D-913B-4FFD-9B88-0E6D2568A38C}.Debug|Win32.ActiveCfg = Debug|Win32
		{F420292D-913B-4FFD-9B88-0E6D2568A38C}.Debug|Win32.Build.0 = Debug|Win32
		{F420292D-913B-4FFD-9B88-0E6D2568A38C}.Release|Win32.ActiveCfg = Release|Win32
		{F420292D-913B-4FFD-9B88-0E6D2568A38C}.Release|Win32.Build.0 = Release|Win32
	EndGlobalSection
	GlobalSection(SolutionProperties) = preSolution
		HideSolutionNode = FALSE
	EndGlobalSection
EndGlobal
